
Microsoft Visual Studio Solution File, Format Version 12.00
# Visual Studio Version 16
VisualStudioVersion = 16.0.29009.5
MinimumVisualStudioVersion = 10.0.40219.1
Project("{FAE04EC0-301F-11D3-BF4B-00C04F79EFBC}") = "SwaggerAddWebApi", "SwaggerAddWebApi\SwaggerAddWebApi.csproj", "{19F97232-EDD9-4AD5-ACFA-03335A456BD8}"
EndProject
Global
	GlobalSection(SolutionConfigurationPlatforms) = preSolution
		Debug|Any CPU = Debug|Any CPU
		Release|Any CPU = Release|Any CPU
	EndGlobalSection
	GlobalSection(ProjectConfigurationPlatforms) = postSolution
		{19F97232-EDD9-4AD5-ACFA-03335A456BD8}.Debug|Any CPU.ActiveCfg = Debug|Any CPU
		{19F97232-EDD9-4AD5-ACFA-03335A456BD8}.Debug|Any CPU.Build.0 = Debug|Any CPU
		{19F97232-EDD9-4AD5-ACFA-03335A456BD8}.Release|Any CPU.ActiveCfg = Release|Any CPU
		{19F97232-EDD9-4AD5-ACFA-03335A456BD8}.Release|Any CPU.Build.0 = Release|Any CPU
	EndGlobalSection
	GlobalSection(SolutionProperties) = preSolution
		HideSolutionNode = FALSE
	EndGlobalSection
	GlobalSection(ExtensibilityGlobals) = postSolution
		SolutionGuid = {B3FA59FD-1222-4FB4-8969-07189CBF588C}
	EndGlobalSection
EndGlobal
